
Microsoft Visual Studio Solution File, Format Version 11.00
# Visual Studio 2010
Project("{FAE04EC0-301F-11D3-BF4B-00C04F79EFBC}") = "MiscellaniousAPI", "MiscellaniousAPI\MiscellaniousAPI.csproj", "{82C2C79A-84B9-42C6-93FC-E9D66A190283}"
EndProject
Global
	GlobalSection(SolutionConfigurationPlatforms) = preSolution
		Debug|Any CPU = Debug|Any CPU
		Release|Any CPU = Release|Any CPU
	EndGlobalSection
	GlobalSection(ProjectConfigurationPlatforms) = postSolution
		{82C2C79A-84B9-42C6-93FC-E9D66A190283}.Debug|Any CPU.ActiveCfg = Debug|Any CPU
		{82C2C79A-84B9-42C6-93FC-E9D66A190283}.Debug|Any CPU.Build.0 = Debug|Any CPU
		{82C2C79A-84B9-42C6-93FC-E9D66A190283}.Release|Any CPU.ActiveCfg = Release|Any CPU
		{82C2C79A-84B9-42C6-93FC-E9D66A190283}.Release|Any CPU.Build.0 = Release|Any CPU
	EndGlobalSection
	GlobalSection(SolutionProperties) = preSolution
		HideSolutionNode = FALSE
	EndGlobalSection
EndGlobal
